{
  "pins" : [
    {
      "identity" : "grdb.swift",
      "kind" : "remoteSourceControl",
      "location" : "https://github.com/groue/GRDB.swift.git",
      "state" : {
        "revision" : "2cf6c756e1e5ef6901ebae16576a7e4e4b834622",
        "version" : "6.29.3"
      }
    },
    {
      "identity" : "swiftwabackupapi",
      "kind" : "remoteSourceControl",
      "location" : "https://github.com/domingogallardo/SwiftWABackupAPI.git",
      "state" : {
        "revision" : "7fc821e0538538a1fb5f9cd3d022a2ba0af34b84",
        "version" : "4.5.0"
      }
    }
  ],
  "version" : 2
}
